
Microsoft Visual Studio Solution File, Format Version 12.00
# Visual Studio Version 17
VisualStudioVersion = 17.11.35312.102
MinimumVisualStudioVersion = 10.0.40219.1
Project("{FAE04EC0-301F-11D3-BF4B-00C04F79EFBC}") = "weatherTest", "weatherTest\weatherTest.csproj", "{D41BFA36-88A4-4C90-B966-D36F6D5A70AD}"
EndProject
Global
	GlobalSection(SolutionConfigurationPlatforms) = preSolution
		Debug|Any CPU = Debug|Any CPU
		Release|Any CPU = Release|Any CPU
	EndGlobalSection
	GlobalSection(ProjectConfigurationPlatforms) = postSolution
		{D41BFA36-88A4-4C90-B966-D36F6D5A70AD}.Debug|Any CPU.ActiveCfg = Debug|Any CPU
		{D41BFA36-88A4-4C90-B966-D36F6D5A70AD}.Debug|Any CPU.Build.0 = Debug|Any CPU
		{D41BFA36-88A4-4C90-B966-D36F6D5A70AD}.Release|Any CPU.ActiveCfg = Release|Any CPU
		{D41BFA36-88A4-4C90-B966-D36F6D5A70AD}.Release|Any CPU.Build.0 = Release|Any CPU
	EndGlobalSection
	GlobalSection(SolutionProperties) = preSolution
		HideSolutionNode = FALSE
	EndGlobalSection
	GlobalSection(ExtensibilityGlobals) = postSolution
		SolutionGuid = {0D8423C6-CB4C-4B3A-925C-B4A54ADD823C}
	EndGlobalSection
EndGlobal
